// !$*UTF8*$!
{
	archiveVersion = 1;
	classes = {
	};
	objectVersion = 77;
	objects = {

/* Begin PBXBuildFile section */
		0B571A346C2C36F6975028EA /* PrivacyInfo.xcprivacy in Resources */ = {isa = PBXBuildFile; fileRef = 28D286B5C3D1E7AE633F4FBE /* PrivacyInfo.xcprivacy */; };
		11EE77AA55207BE6C3C461F3 /* CormorantGaramond.ttf in Resources */ = {isa = PBXBuildFile; fileRef = 71024DE3B1F2677467FD3AF1 /* CormorantGaramond.ttf */; };
		1E54F463CC369E77BD5408AA /* Localizable.xcstrings in Resources */ = {isa = PBXBuildFile; fileRef = 69DFD865B5FC73F4B5E8B02A /* Localizable.xcstrings */; };
		2541B3543B99FC399B8C6611 /* clip-tactics.json in Resources */ = {isa = PBXBuildFile; fileRef = B18672398F8740AE3E14E4FA /* clip-tactics.json */; };
		326E3A0015E6E2D2A89BFBF0 /* BrassPawnClip.app in Embed App Clips */ = {isa = PBXBuildFile; fileRef = 7B14931322A005EFF2D2DE0A /* BrassPawnClip.app */; settings = {ATTRIBUTES = (RemoveHeadersOnCopy, ); }; };
		33E601C5AA0D6A17F286975A /* nn-37f18f62d772.nnue in Resources */ = {isa = PBXBuildFile; fileRef = 61BFAD9ACF0E2C7BDFB98CBB /* nn-37f18f62d772.nnue */; };
		370968881587B058E14D7F8C /* ClipModel.swift in Sources */ = {isa = PBXBuildFile; fileRef = 269ABEE3FF0731519BE91AA8 /* ClipModel.swift */; };
		3E6C9770357775F270CEA4E0 /* castle.wav in Resources */ = {isa = PBXBuildFile; fileRef = 5E8CEB4BAEFDA2127CC91082 /* castle.wav */; };
		48F44FCC87A5CBD8C989FC58 /* Assets.xcassets in Resources */ = {isa = PBXBuildFile; fileRef = 37CDE792836F404308CE33CC /* Assets.xcassets */; };
		4B45459D78F19459C3154437 /* gameEnd.wav in Resources */ = {isa = PBXBuildFile; fileRef = 89D3D16127EFA72B35CD2DD3 /* gameEnd.wav */; };
		4DB8B84E8E5AC99E59FBF9D5 /* Localizable.xcstrings in Resources */ = {isa = PBXBuildFile; fileRef = 69DFD865B5FC73F4B5E8B02A /* Localizable.xcstrings */; };
		506FE1D08EC3EF54310F34E3 /* endgames.json in Resources */ = {isa = PBXBuildFile; fileRef = 1C11478751FEF05F603DD828 /* endgames.json */; };
		52A1B49434E155E2A6167E6B /* tactics.json in Resources */ = {isa = PBXBuildFile; fileRef = B352EE12D38016F605048FBD /* tactics.json */; };
		58930B467B7C7BFE1740A6F5 /* OFL-cormorant.txt in Resources */ = {isa = PBXBuildFile; fileRef = 431629F05EDBF2F9D7E727E2 /* OFL-cormorant.txt */; };
		59E32A739EF8B735804AB4FC /* positions.json in Resources */ = {isa = PBXBuildFile; fileRef = E84A1598D820F0FC0FB2487F /* positions.json */; };
		5E62F5D604361CE52143BA25 /* AGPL.txt in Resources */ = {isa = PBXBuildFile; fileRef = BDEC44C725BD73CD12D849DC /* AGPL.txt */; };
		60EBD40D8F7AB3A60C2BF2CE /* promote.wav in Resources */ = {isa = PBXBuildFile; fileRef = 5D5FDCDEED067C6D223FD061 /* promote.wav */; };
		6702A13F37DA3A0B72C0B412 /* InfoPlist.xcstrings in Resources */ = {isa = PBXBuildFile; fileRef = D7C66C626791A2991355347F /* InfoPlist.xcstrings */; };
		737010EE9573D8FF256F8AAC /* BrassPawn.storekit in Resources */ = {isa = PBXBuildFile; fileRef = 297D864E27EC18F9E47E8616 /* BrassPawn.storekit */; };
		73EC26353679B386AEAABDB4 /* BoardAssets.xcassets in Resources */ = {isa = PBXBuildFile; fileRef = 87E214FEFB819800F6FBB06B /* BoardAssets.xcassets */; };
		783E3996A3F1B3773C3EB9FD /* CormorantGaramond.ttf in Resources */ = {isa = PBXBuildFile; fileRef = 71024DE3B1F2677467FD3AF1 /* CormorantGaramond.ttf */; };
		83BE1A4A26137A9677ED5169 /* BrassPawnApp in Frameworks */ = {isa = PBXBuildFile; productRef = F1D568D032352CB45927307F /* BrassPawnApp */; };
		85413C58961B32373D2A205F /* classics.json in Resources */ = {isa = PBXBuildFile; fileRef = D24D12372CC2CF7108A581D3 /* classics.json */; };
		8DEDBE132B025555150C43DD /* ClipScreen.swift in Sources */ = {isa = PBXBuildFile; fileRef = C41421C90AD63F6ECDF72F3A /* ClipScreen.swift */; };
		918D662224B6D7E85E0C69A0 /* move.wav in Resources */ = {isa = PBXBuildFile; fileRef = 62F903D8F5C1FC70F0A8A9DE /* move.wav */; };
		9EBB038DDFBCD023BF2FDDE9 /* NOTICE.txt in Resources */ = {isa = PBXBuildFile; fileRef = 5A15128F3C9F50C157350AF2 /* NOTICE.txt */; };
		9F065A8354551432F095D3C4 /* capture.wav in Resources */ = {isa = PBXBuildFile; fileRef = AF9BA6F709402079BDD2BFC3 /* capture.wav */; };
		A2665FDBF88E05FEE6B87457 /* InfoPlist.xcstrings in Resources */ = {isa = PBXBuildFile; fileRef = D7C66C626791A2991355347F /* InfoPlist.xcstrings */; };
		ABD3EF740988AE051AE02B24 /* AppIcon.icon in Resources */ = {isa = PBXBuildFile; fileRef = 9DDEB02CE21C8EE2182F0ED7 /* AppIcon.icon */; };
		B33C014033EC2C34292F0962 /* AppIcon.icon in Resources */ = {isa = PBXBuildFile; fileRef = 9DDEB02CE21C8EE2182F0ED7 /* AppIcon.icon */; };
		B6ECBB6AEAD0C393A7FCEAA4 /* BrassPawnClip.swift in Sources */ = {isa = PBXBuildFile; fileRef = 00F873F5DEE5C304C557E5C0 /* BrassPawnClip.swift */; };
		B9845A27B3D646CCCE9AD34F /* BoardAssets.xcassets in Resources */ = {isa = PBXBuildFile; fileRef = 87E214FEFB819800F6FBB06B /* BoardAssets.xcassets */; };
		BF26734421711480BFC510A4 /* check.wav in Resources */ = {isa = PBXBuildFile; fileRef = 542D1BF8796033B8E9639968 /* check.wav */; };
		C40143C2022EC79B9BC7E838 /* LICENSE.txt in Resources */ = {isa = PBXBuildFile; fileRef = 2B24581FB2D0665C827FE2D5 /* LICENSE.txt */; };
		CB632F7DBD870A672D6249D5 /* BoardUI in Frameworks */ = {isa = PBXBuildFile; productRef = 5E9EB28841EFD42757884E39 /* BoardUI */; };
		D4F6C22B9A9E78DCC1AA03A9 /* CormorantGaramond-Italic.ttf in Resources */ = {isa = PBXBuildFile; fileRef = 0960A297E2DF71AAA153C624 /* CormorantGaramond-Italic.ttf */; };
		D57C6D8CDA23277DE7B76C4C /* nn-c288c895ea92.nnue in Resources */ = {isa = PBXBuildFile; fileRef = 681AF0C7F282F8328C36A134 /* nn-c288c895ea92.nnue */; };
		D7CAF6E28296D33ECC89EA81 /* games.json in Resources */ = {isa = PBXBuildFile; fileRef = E917F39BEC299C72084408A1 /* games.json */; };
		DB475CF5749FF6AE954EB6AE /* BrassPawnMain.swift in Sources */ = {isa = PBXBuildFile; fileRef = 03FB1BBFBDC650A1425E50B4 /* BrassPawnMain.swift */; };
		DEB30496F27B61E46C70A433 /* OFL-jetbrains.txt in Resources */ = {isa = PBXBuildFile; fileRef = B1291E8C6DEDA19EC5DCAA03 /* OFL-jetbrains.txt */; };
		E072E1874AEB54C397C55234 /* JetBrainsMono.ttf in Resources */ = {isa = PBXBuildFile; fileRef = 3BC0FF8E35604CEAF336DFC9 /* JetBrainsMono.ttf */; };
		F1FEC1DB7BA3D8DEF10EF467 /* LaunchScreen.storyboard in Resources */ = {isa = PBXBuildFile; fileRef = 819E738DE1796C37648E3DFF /* LaunchScreen.storyboard */; };
/* End PBXBuildFile section */

/* Begin PBXContainerItemProxy section */
		C60C69DAE266C608C005DBB0 /* PBXContainerItemProxy */ = {
			isa = PBXContainerItemProxy;
			containerPortal = B6420D9AB05D8646B55F437D /* Project object */;
			proxyType = 1;
			remoteGlobalIDString = 0DE13E9AB178E736D00B2142;
			remoteInfo = BrassPawnClip;
		};
/* End PBXContainerItemProxy section */

/* Begin PBXCopyFilesBuildPhase section */
		CC294033A271D85869126318 /* Embed App Clips */ = {
			isa = PBXCopyFilesBuildPhase;
			buildActionMask = 2147483647;
			dstPath = "$(CONTENTS_FOLDER_PATH)/AppClips";
			dstSubfolderSpec = 16;
			files = (
				326E3A0015E6E2D2A89BFBF0 /* BrassPawnClip.app in Embed App Clips */,
			);
			name = "Embed App Clips";
			runOnlyForDeploymentPostprocessing = 0;
		};
/* End PBXCopyFilesBuildPhase section */

/* Begin PBXFileReference section */
		00F873F5DEE5C304C557E5C0 /* BrassPawnClip.swift */ = {isa = PBXFileReference; lastKnownFileType = sourcecode.swift; path = BrassPawnClip.swift; sourceTree = "<group>"; };
		03FB1BBFBDC650A1425E50B4 /* BrassPawnMain.swift */ = {isa = PBXFileReference; lastKnownFileType = sourcecode.swift; path = BrassPawnMain.swift; sourceTree = "<group>"; };
		0960A297E2DF71AAA153C624 /* CormorantGaramond-Italic.ttf */ = {isa = PBXFileReference; lastKnownFileType = file; path = "CormorantGaramond-Italic.ttf"; sourceTree = "<group>"; };
		1B5C70231BC76F295F3CEEB5 /* Info.plist */ = {isa = PBXFileReference; lastKnownFileType = text.plist; path = Info.plist; sourceTree = "<group>"; };
		1BC08B8C95E3F3F1B239C1A8 /* BrassPawn.entitlements */ = {isa = PBXFileReference; lastKnownFileType = text.plist.entitlements; path = BrassPawn.entitlements; sourceTree = "<group>"; };
		1C11478751FEF05F603DD828 /* endgames.json */ = {isa = PBXFileReference; lastKnownFileType = text.json; path = endgames.json; sourceTree = "<group>"; };
		269ABEE3FF0731519BE91AA8 /* ClipModel.swift */ = {isa = PBXFileReference; lastKnownFileType = sourcecode.swift; path = ClipModel.swift; sourceTree = "<group>"; };
		28D286B5C3D1E7AE633F4FBE /* PrivacyInfo.xcprivacy */ = {isa = PBXFileReference; path = PrivacyInfo.xcprivacy; sourceTree = "<group>"; };
		297D864E27EC18F9E47E8616 /* BrassPawn.storekit */ = {isa = PBXFileReference; path = BrassPawn.storekit; sourceTree = "<group>"; };
		2B24581FB2D0665C827FE2D5 /* LICENSE.txt */ = {isa = PBXFileReference; lastKnownFileType = text; path = LICENSE.txt; sourceTree = "<group>"; };
		2B8BABBDAE968378B02ACD81 /* BrassPawn.app */ = {isa = PBXFileReference; includeInIndex = 0; lastKnownFileType = wrapper.application; path = BrassPawn.app; sourceTree = BUILT_PRODUCTS_DIR; };
		37CDE792836F404308CE33CC /* Assets.xcassets */ = {isa = PBXFileReference; lastKnownFileType = folder.assetcatalog; path = Assets.xcassets; sourceTree = "<group>"; };
		3BC0FF8E35604CEAF336DFC9 /* JetBrainsMono.ttf */ = {isa = PBXFileReference; lastKnownFileType = file; path = JetBrainsMono.ttf; sourceTree = "<group>"; };
		431629F05EDBF2F9D7E727E2 /* OFL-cormorant.txt */ = {isa = PBXFileReference; lastKnownFileType = text; path = "OFL-cormorant.txt"; sourceTree = "<group>"; };
		542D1BF8796033B8E9639968 /* check.wav */ = {isa = PBXFileReference; lastKnownFileType = audio.wav; path = check.wav; sourceTree = "<group>"; };
		5A15128F3C9F50C157350AF2 /* NOTICE.txt */ = {isa = PBXFileReference; lastKnownFileType = text; path = NOTICE.txt; sourceTree = "<group>"; };
		5D5FDCDEED067C6D223FD061 /* promote.wav */ = {isa = PBXFileReference; lastKnownFileType = audio.wav; path = promote.wav; sourceTree = "<group>"; };
		5E8CEB4BAEFDA2127CC91082 /* castle.wav */ = {isa = PBXFileReference; lastKnownFileType = audio.wav; path = castle.wav; sourceTree = "<group>"; };
		61BFAD9ACF0E2C7BDFB98CBB /* nn-37f18f62d772.nnue */ = {isa = PBXFileReference; path = "nn-37f18f62d772.nnue"; sourceTree = "<group>"; };
		62F903D8F5C1FC70F0A8A9DE /* move.wav */ = {isa = PBXFileReference; lastKnownFileType = audio.wav; path = move.wav; sourceTree = "<group>"; };
		681AF0C7F282F8328C36A134 /* nn-c288c895ea92.nnue */ = {isa = PBXFileReference; path = "nn-c288c895ea92.nnue"; sourceTree = "<group>"; };
		69DFD865B5FC73F4B5E8B02A /* Localizable.xcstrings */ = {isa = PBXFileReference; lastKnownFileType = text.json.xcstrings; path = Localizable.xcstrings; sourceTree = "<group>"; };
		71024DE3B1F2677467FD3AF1 /* CormorantGaramond.ttf */ = {isa = PBXFileReference; lastKnownFileType = file; path = CormorantGaramond.ttf; sourceTree = "<group>"; };
		7B14931322A005EFF2D2DE0A /* BrassPawnClip.app */ = {isa = PBXFileReference; includeInIndex = 0; lastKnownFileType = wrapper.application; path = BrassPawnClip.app; sourceTree = BUILT_PRODUCTS_DIR; };
		819E738DE1796C37648E3DFF /* LaunchScreen.storyboard */ = {isa = PBXFileReference; lastKnownFileType = file.storyboard; path = LaunchScreen.storyboard; sourceTree = "<group>"; };
		87E214FEFB819800F6FBB06B /* BoardAssets.xcassets */ = {isa = PBXFileReference; lastKnownFileType = folder.assetcatalog; path = BoardAssets.xcassets; sourceTree = "<group>"; };
		89D3D16127EFA72B35CD2DD3 /* gameEnd.wav */ = {isa = PBXFileReference; lastKnownFileType = audio.wav; path = gameEnd.wav; sourceTree = "<group>"; };
		9DDEB02CE21C8EE2182F0ED7 /* AppIcon.icon */ = {isa = PBXFileReference; path = AppIcon.icon; sourceTree = "<group>"; };
		AF9BA6F709402079BDD2BFC3 /* capture.wav */ = {isa = PBXFileReference; lastKnownFileType = audio.wav; path = capture.wav; sourceTree = "<group>"; };
		B1291E8C6DEDA19EC5DCAA03 /* OFL-jetbrains.txt */ = {isa = PBXFileReference; lastKnownFileType = text; path = "OFL-jetbrains.txt"; sourceTree = "<group>"; };
		B18672398F8740AE3E14E4FA /* clip-tactics.json */ = {isa = PBXFileReference; lastKnownFileType = text.json; path = "clip-tactics.json"; sourceTree = "<group>"; };
		B352EE12D38016F605048FBD /* tactics.json */ = {isa = PBXFileReference; lastKnownFileType = text.json; path = tactics.json; sourceTree = "<group>"; };
		BDEC44C725BD73CD12D849DC /* AGPL.txt */ = {isa = PBXFileReference; lastKnownFileType = text; path = AGPL.txt; sourceTree = "<group>"; };
		C32C4A98E4324BA02D976DD9 /* BrassPawnClip.entitlements */ = {isa = PBXFileReference; lastKnownFileType = text.plist.entitlements; path = BrassPawnClip.entitlements; sourceTree = "<group>"; };
		C41421C90AD63F6ECDF72F3A /* ClipScreen.swift */ = {isa = PBXFileReference; lastKnownFileType = sourcecode.swift; path = ClipScreen.swift; sourceTree = "<group>"; };
		D24D12372CC2CF7108A581D3 /* classics.json */ = {isa = PBXFileReference; lastKnownFileType = text.json; path = classics.json; sourceTree = "<group>"; };
		D7C66C626791A2991355347F /* InfoPlist.xcstrings */ = {isa = PBXFileReference; lastKnownFileType = text.json.xcstrings; path = InfoPlist.xcstrings; sourceTree = "<group>"; };
		E0F7348299FB29856924A9ED /* ios */ = {isa = PBXFileReference; lastKnownFileType = folder; name = ios; path = .; sourceTree = SOURCE_ROOT; };
		E84A1598D820F0FC0FB2487F /* positions.json */ = {isa = PBXFileReference; lastKnownFileType = text.json; path = positions.json; sourceTree = "<group>"; };
		E917F39BEC299C72084408A1 /* games.json */ = {isa = PBXFileReference; lastKnownFileType = text.json; path = games.json; sourceTree = "<group>"; };
		F755F151598E76064B9B539F /* Info.plist */ = {isa = PBXFileReference; lastKnownFileType = text.plist; path = Info.plist; sourceTree = "<group>"; };
/* End PBXFileReference section */

/* Begin PBXFrameworksBuildPhase section */
		9DC2DE75E8C0DEDFF8F8CA65 /* Frameworks */ = {
			isa = PBXFrameworksBuildPhase;
			buildActionMask = 2147483647;
			files = (
				CB632F7DBD870A672D6249D5 /* BoardUI in Frameworks */,
			);
			runOnlyForDeploymentPostprocessing = 0;
		};
		AE5E9B9B97CCDB30EEF01335 /* Frameworks */ = {
			isa = PBXFrameworksBuildPhase;
			buildActionMask = 2147483647;
			files = (
				83BE1A4A26137A9677ED5169 /* BrassPawnApp in Frameworks */,
			);
			runOnlyForDeploymentPostprocessing = 0;
		};
/* End PBXFrameworksBuildPhase section */

/* Begin PBXGroup section */
		24C9C2EB1638775D0F21E87A /* chess */ = {
			isa = PBXGroup;
			children = (
				A17E0FEA18C6D96E08D7A4F4 /* data */,
			);
			name = chess;
			path = ..;
			sourceTree = "<group>";
		};
		2A24D74F73D1E3DE2E770E48 /* Packages */ = {
			isa = PBXGroup;
			children = (
				E0F7348299FB29856924A9ED /* ios */,
			);
			name = Packages;
			sourceTree = "<group>";
		};
		32FA307B011F0EF1964DAF09 /* Sounds */ = {
			isa = PBXGroup;
			children = (
				AF9BA6F709402079BDD2BFC3 /* capture.wav */,
				5E8CEB4BAEFDA2127CC91082 /* castle.wav */,
				542D1BF8796033B8E9639968 /* check.wav */,
				89D3D16127EFA72B35CD2DD3 /* gameEnd.wav */,
				62F903D8F5C1FC70F0A8A9DE /* move.wav */,
				5D5FDCDEED067C6D223FD061 /* promote.wav */,
			);
			path = Sounds;
			sourceTree = "<group>";
		};
		49E8C6A505B82D5C23026FF0 /* Legal */ = {
			isa = PBXGroup;
			children = (
				BDEC44C725BD73CD12D849DC /* AGPL.txt */,
				2B24581FB2D0665C827FE2D5 /* LICENSE.txt */,
				5A15128F3C9F50C157350AF2 /* NOTICE.txt */,
			);
			path = Legal;
			sourceTree = "<group>";
		};
		6DAE144F6BBE5FD0025660FB /* Networks */ = {
			isa = PBXGroup;
			children = (
				61BFAD9ACF0E2C7BDFB98CBB /* nn-37f18f62d772.nnue */,
				681AF0C7F282F8328C36A134 /* nn-c288c895ea92.nnue */,
			);
			path = Networks;
			sourceTree = "<group>";
		};
		74F3DD8E5C1F674981672D2D /* Products */ = {
			isa = PBXGroup;
			children = (
				2B8BABBDAE968378B02ACD81 /* BrassPawn.app */,
				7B14931322A005EFF2D2DE0A /* BrassPawnClip.app */,
			);
			name = Products;
			sourceTree = "<group>";
		};
		766B6125DF8C0B94E431FB9C = {
			isa = PBXGroup;
			children = (
				8FC8057AA478ABA9E9BFAB40 /* App */,
				24C9C2EB1638775D0F21E87A /* chess */,
				EE934DDE8DF67676A34EDB8F /* Clip */,
				2A24D74F73D1E3DE2E770E48 /* Packages */,
				8687E52E8663C6A14CEE6A7D /* Resources */,
				74F3DD8E5C1F674981672D2D /* Products */,
			);
			sourceTree = "<group>";
		};
		7B86BA4A9E42D81ED48D9901 /* Fonts */ = {
			isa = PBXGroup;
			children = (
				0960A297E2DF71AAA153C624 /* CormorantGaramond-Italic.ttf */,
				71024DE3B1F2677467FD3AF1 /* CormorantGaramond.ttf */,
				3BC0FF8E35604CEAF336DFC9 /* JetBrainsMono.ttf */,
				431629F05EDBF2F9D7E727E2 /* OFL-cormorant.txt */,
				B1291E8C6DEDA19EC5DCAA03 /* OFL-jetbrains.txt */,
			);
			path = Fonts;
			sourceTree = "<group>";
		};
		8687E52E8663C6A14CEE6A7D /* Resources */ = {
			isa = PBXGroup;
			children = (
				9DDEB02CE21C8EE2182F0ED7 /* AppIcon.icon */,
				37CDE792836F404308CE33CC /* Assets.xcassets */,
				87E214FEFB819800F6FBB06B /* BoardAssets.xcassets */,
				7B86BA4A9E42D81ED48D9901 /* Fonts */,
				49E8C6A505B82D5C23026FF0 /* Legal */,
				6DAE144F6BBE5FD0025660FB /* Networks */,
				32FA307B011F0EF1964DAF09 /* Sounds */,
			);
			path = Resources;
			sourceTree = "<group>";
		};
		8FC8057AA478ABA9E9BFAB40 /* App */ = {
			isa = PBXGroup;
			children = (
				1BC08B8C95E3F3F1B239C1A8 /* BrassPawn.entitlements */,
				297D864E27EC18F9E47E8616 /* BrassPawn.storekit */,
				03FB1BBFBDC650A1425E50B4 /* BrassPawnMain.swift */,
				F755F151598E76064B9B539F /* Info.plist */,
				D7C66C626791A2991355347F /* InfoPlist.xcstrings */,
				819E738DE1796C37648E3DFF /* LaunchScreen.storyboard */,
				69DFD865B5FC73F4B5E8B02A /* Localizable.xcstrings */,
				28D286B5C3D1E7AE633F4FBE /* PrivacyInfo.xcprivacy */,
			);
			path = App;
			sourceTree = "<group>";
		};
		A17E0FEA18C6D96E08D7A4F4 /* data */ = {
			isa = PBXGroup;
			children = (
				D24D12372CC2CF7108A581D3 /* classics.json */,
				B18672398F8740AE3E14E4FA /* clip-tactics.json */,
				1C11478751FEF05F603DD828 /* endgames.json */,
				E917F39BEC299C72084408A1 /* games.json */,
				E84A1598D820F0FC0FB2487F /* positions.json */,
				B352EE12D38016F605048FBD /* tactics.json */,
			);
			path = data;
			sourceTree = "<group>";
		};
		EE934DDE8DF67676A34EDB8F /* Clip */ = {
			isa = PBXGroup;
			children = (
				C32C4A98E4324BA02D976DD9 /* BrassPawnClip.entitlements */,
				00F873F5DEE5C304C557E5C0 /* BrassPawnClip.swift */,
				269ABEE3FF0731519BE91AA8 /* ClipModel.swift */,
				C41421C90AD63F6ECDF72F3A /* ClipScreen.swift */,
				1B5C70231BC76F295F3CEEB5 /* Info.plist */,
			);
			path = Clip;
			sourceTree = "<group>";
		};
/* End PBXGroup section */

/* Begin PBXNativeTarget section */
		0DE13E9AB178E736D00B2142 /* BrassPawnClip */ = {
			isa = PBXNativeTarget;
			buildConfigurationList = 3C1D0F20E4EC67C7CEE5CDCE /* Build configuration list for PBXNativeTarget "BrassPawnClip" */;
			buildPhases = (
				719022DBCC5268D85C0A071B /* Sources */,
				6F4D7FE9D497C3FD9F681638 /* Resources */,
				9DC2DE75E8C0DEDFF8F8CA65 /* Frameworks */,
			);
			buildRules = (
			);
			dependencies = (
			);
			name = BrassPawnClip;
			packageProductDependencies = (
				5E9EB28841EFD42757884E39 /* BoardUI */,
			);
			productName = BrassPawnClip;
			productReference = 7B14931322A005EFF2D2DE0A /* BrassPawnClip.app */;
			productType = "com.apple.product-type.application.on-demand-install-capable";
		};
		6E00C448F6B49474C0919D79 /* BrassPawn */ = {
			isa = PBXNativeTarget;
			buildConfigurationList = 8E620E285E1D0DC218120A06 /* Build configuration list for PBXNativeTarget "BrassPawn" */;
			buildPhases = (
				026CA40498E1E61B3FB81251 /* Sources */,
				F9031F2CA64EC37C9C45D860 /* Resources */,
				AE5E9B9B97CCDB30EEF01335 /* Frameworks */,
				CC294033A271D85869126318 /* Embed App Clips */,
			);
			buildRules = (
			);
			dependencies = (
				C4D5E13E98EC038F68CC86ED /* PBXTargetDependency */,
			);
			name = BrassPawn;
			packageProductDependencies = (
				F1D568D032352CB45927307F /* BrassPawnApp */,
			);
			productName = BrassPawn;
			productReference = 2B8BABBDAE968378B02ACD81 /* BrassPawn.app */;
			productType = "com.apple.product-type.application";
		};
/* End PBXNativeTarget section */

/* Begin PBXProject section */
		B6420D9AB05D8646B55F437D /* Project object */ = {
			isa = PBXProject;
			attributes = {
				BuildIndependentTargetsInParallel = YES;
				LastUpgradeCheck = 1430;
				TargetAttributes = {
					0DE13E9AB178E736D00B2142 = {
						DevelopmentTeam = 8293TNMX6S;
						ProvisioningStyle = Automatic;
					};
					6E00C448F6B49474C0919D79 = {
						DevelopmentTeam = 8293TNMX6S;
						ProvisioningStyle = Automatic;
					};
				};
			};
			buildConfigurationList = B45A28B104320F1C3C8218DA /* Build configuration list for PBXProject "BrassPawn" */;
			compatibilityVersion = "Xcode 14.0";
			developmentRegion = en;
			hasScannedForEncodings = 0;
			knownRegions = (
				Base,
				"ar-SA",
				cs,
				da,
				"de-DE",
				el,
				en,
				"en-CA",
				"en-US",
				"es-ES",
				fi,
				"fr-CA",
				"fr-FR",
				he,
				hi,
				hu,
				id,
				it,
				ja,
				ko,
				ms,
				nb,
				"nl-NL",
				no,
				pl,
				"pt-BR",
				ro,
				ru,
				sv,
				th,
				tr,
				vi,
				"zh-Hans",
				"zh-Hant",
			);
			mainGroup = 766B6125DF8C0B94E431FB9C;
			minimizedProjectReferenceProxies = 1;
			packageReferences = (
				FFCB4D5FA18C209706028BD2 /* XCLocalSwiftPackageReference "." */,
			);
			preferredProjectObjectVersion = 77;
			projectDirPath = "";
			projectRoot = "";
			targets = (
				6E00C448F6B49474C0919D79 /* BrassPawn */,
				0DE13E9AB178E736D00B2142 /* BrassPawnClip */,
			);
		};
/* End PBXProject section */

/* Begin PBXResourcesBuildPhase section */
		6F4D7FE9D497C3FD9F681638 /* Resources */ = {
			isa = PBXResourcesBuildPhase;
			buildActionMask = 2147483647;
			files = (
				B33C014033EC2C34292F0962 /* AppIcon.icon in Resources */,
				B9845A27B3D646CCCE9AD34F /* BoardAssets.xcassets in Resources */,
				783E3996A3F1B3773C3EB9FD /* CormorantGaramond.ttf in Resources */,
				6702A13F37DA3A0B72C0B412 /* InfoPlist.xcstrings in Resources */,
				1E54F463CC369E77BD5408AA /* Localizable.xcstrings in Resources */,
				2541B3543B99FC399B8C6611 /* clip-tactics.json in Resources */,
			);
			runOnlyForDeploymentPostprocessing = 0;
		};
		F9031F2CA64EC37C9C45D860 /* Resources */ = {
			isa = PBXResourcesBuildPhase;
			buildActionMask = 2147483647;
			files = (
				5E62F5D604361CE52143BA25 /* AGPL.txt in Resources */,
				ABD3EF740988AE051AE02B24 /* AppIcon.icon in Resources */,
				48F44FCC87A5CBD8C989FC58 /* Assets.xcassets in Resources */,
				73EC26353679B386AEAABDB4 /* BoardAssets.xcassets in Resources */,
				737010EE9573D8FF256F8AAC /* BrassPawn.storekit in Resources */,
				D4F6C22B9A9E78DCC1AA03A9 /* CormorantGaramond-Italic.ttf in Resources */,
				11EE77AA55207BE6C3C461F3 /* CormorantGaramond.ttf in Resources */,
				A2665FDBF88E05FEE6B87457 /* InfoPlist.xcstrings in Resources */,
				E072E1874AEB54C397C55234 /* JetBrainsMono.ttf in Resources */,
				C40143C2022EC79B9BC7E838 /* LICENSE.txt in Resources */,
				F1FEC1DB7BA3D8DEF10EF467 /* LaunchScreen.storyboard in Resources */,
				4DB8B84E8E5AC99E59FBF9D5 /* Localizable.xcstrings in Resources */,
				9EBB038DDFBCD023BF2FDDE9 /* NOTICE.txt in Resources */,
				58930B467B7C7BFE1740A6F5 /* OFL-cormorant.txt in Resources */,
				DEB30496F27B61E46C70A433 /* OFL-jetbrains.txt in Resources */,
				0B571A346C2C36F6975028EA /* PrivacyInfo.xcprivacy in Resources */,
				9F065A8354551432F095D3C4 /* capture.wav in Resources */,
				3E6C9770357775F270CEA4E0 /* castle.wav in Resources */,
				BF26734421711480BFC510A4 /* check.wav in Resources */,
				85413C58961B32373D2A205F /* classics.json in Resources */,
				506FE1D08EC3EF54310F34E3 /* endgames.json in Resources */,
				4B45459D78F19459C3154437 /* gameEnd.wav in Resources */,
				D7CAF6E28296D33ECC89EA81 /* games.json in Resources */,
				918D662224B6D7E85E0C69A0 /* move.wav in Resources */,
				33E601C5AA0D6A17F286975A /* nn-37f18f62d772.nnue in Resources */,
				D57C6D8CDA23277DE7B76C4C /* nn-c288c895ea92.nnue in Resources */,
				59E32A739EF8B735804AB4FC /* positions.json in Resources */,
				60EBD40D8F7AB3A60C2BF2CE /* promote.wav in Resources */,
				52A1B49434E155E2A6167E6B /* tactics.json in Resources */,
			);
			runOnlyForDeploymentPostprocessing = 0;
		};
/* End PBXResourcesBuildPhase section */

/* Begin PBXSourcesBuildPhase section */
		026CA40498E1E61B3FB81251 /* Sources */ = {
			isa = PBXSourcesBuildPhase;
			buildActionMask = 2147483647;
			files = (
				DB475CF5749FF6AE954EB6AE /* BrassPawnMain.swift in Sources */,
			);
			runOnlyForDeploymentPostprocessing = 0;
		};
		719022DBCC5268D85C0A071B /* Sources */ = {
			isa = PBXSourcesBuildPhase;
			buildActionMask = 2147483647;
			files = (
				B6ECBB6AEAD0C393A7FCEAA4 /* BrassPawnClip.swift in Sources */,
				370968881587B058E14D7F8C /* ClipModel.swift in Sources */,
				8DEDBE132B025555150C43DD /* ClipScreen.swift in Sources */,
			);
			runOnlyForDeploymentPostprocessing = 0;
		};
/* End PBXSourcesBuildPhase section */

/* Begin PBXTargetDependency section */
		C4D5E13E98EC038F68CC86ED /* PBXTargetDependency */ = {
			isa = PBXTargetDependency;
			target = 0DE13E9AB178E736D00B2142 /* BrassPawnClip */;
			targetProxy = C60C69DAE266C608C005DBB0 /* PBXContainerItemProxy */;
		};
/* End PBXTargetDependency section */

/* Begin XCBuildConfiguration section */
		26CDD3364F1D584531874C4E /* Debug */ = {
			isa = XCBuildConfiguration;
			buildSettings = {
				ASSETCATALOG_COMPILER_APPICON_NAME = AppIcon;
				CODE_SIGN_ENTITLEMENTS = App/BrassPawn.entitlements;
				CODE_SIGN_IDENTITY = "iPhone Developer";
				CODE_SIGN_STYLE = Automatic;
				CURRENT_PROJECT_VERSION = 2;
				DEVELOPMENT_TEAM = 8293TNMX6S;
				INFOPLIST_FILE = App/Info.plist;
				LD_RUNPATH_SEARCH_PATHS = (
					"$(inherited)",
					"@executable_path/Frameworks",
				);
				MARKETING_VERSION = 1.0;
				PRODUCT_BUNDLE_IDENTIFIER = "com.arte-soft.brasspawn";
				SDKROOT = iphoneos;
				SWIFT_VERSION = 6.0;
				TARGETED_DEVICE_FAMILY = "1,2";
			};
			name = Debug;
		};
		35EE2E1668B900C9145D01B5 /* Release */ = {
			isa = XCBuildConfiguration;
			buildSettings = {
				ASSETCATALOG_COMPILER_APPICON_NAME = AppIcon;
				CODE_SIGN_ENTITLEMENTS = App/BrassPawn.entitlements;
				CODE_SIGN_IDENTITY = "iPhone Developer";
				CODE_SIGN_STYLE = Automatic;
				CURRENT_PROJECT_VERSION = 2;
				DEVELOPMENT_TEAM = 8293TNMX6S;
				INFOPLIST_FILE = App/Info.plist;
				LD_RUNPATH_SEARCH_PATHS = (
					"$(inherited)",
					"@executable_path/Frameworks",
				);
				MARKETING_VERSION = 1.0;
				PRODUCT_BUNDLE_IDENTIFIER = "com.arte-soft.brasspawn";
				SDKROOT = iphoneos;
				SWIFT_VERSION = 6.0;
				TARGETED_DEVICE_FAMILY = "1,2";
			};
			name = Release;
		};
		85824C0D052A7DD24322B14C /* Debug */ = {
			isa = XCBuildConfiguration;
			buildSettings = {
				ASSETCATALOG_COMPILER_APPICON_NAME = AppIcon;
				CODE_SIGN_ENTITLEMENTS = Clip/BrassPawnClip.entitlements;
				CODE_SIGN_STYLE = Automatic;
				CURRENT_PROJECT_VERSION = 2;
				DEVELOPMENT_TEAM = 8293TNMX6S;
				INFOPLIST_FILE = Clip/Info.plist;
				LD_RUNPATH_SEARCH_PATHS = (
					"$(inherited)",
					"@executable_path/Frameworks",
				);
				MARKETING_VERSION = 1.0;
				PRODUCT_BUNDLE_IDENTIFIER = "com.arte-soft.brasspawn.Clip";
				SDKROOT = iphoneos;
				SWIFT_VERSION = 6.0;
				TARGETED_DEVICE_FAMILY = "1,2";
			};
			name = Debug;
		};
		86A1CA37DF973894F7C5F044 /* Release */ = {
			isa = XCBuildConfiguration;
			buildSettings = {
				ASSETCATALOG_COMPILER_APPICON_NAME = AppIcon;
				CODE_SIGN_ENTITLEMENTS = Clip/BrassPawnClip.entitlements;
				CODE_SIGN_STYLE = Automatic;
				CURRENT_PROJECT_VERSION = 2;
				DEVELOPMENT_TEAM = 8293TNMX6S;
				INFOPLIST_FILE = Clip/Info.plist;
				LD_RUNPATH_SEARCH_PATHS = (
					"$(inherited)",
					"@executable_path/Frameworks",
				);
				MARKETING_VERSION = 1.0;
				PRODUCT_BUNDLE_IDENTIFIER = "com.arte-soft.brasspawn.Clip";
				SDKROOT = iphoneos;
				SWIFT_VERSION = 6.0;
				TARGETED_DEVICE_FAMILY = "1,2";
			};
			name = Release;
		};
		8E75467C73A010D7F1F09551 /* Debug */ = {
			isa = XCBuildConfiguration;
			buildSettings = {
				ALWAYS_SEARCH_USER_PATHS = NO;
				CLANG_ANALYZER_NONNULL = YES;
				CLANG_ANALYZER_NUMBER_OBJECT_CONVERSION = YES_AGGRESSIVE;
				CLANG_CXX_LANGUAGE_STANDARD = "gnu++14";
				CLANG_CXX_LIBRARY = "libc++";
				CLANG_ENABLE_MODULES = YES;
				CLANG_ENABLE_OBJC_ARC = YES;
				CLANG_ENABLE_OBJC_WEAK = YES;
				CLANG_WARN_BLOCK_CAPTURE_AUTORELEASING = YES;
				CLANG_WARN_BOOL_CONVERSION = YES;
				CLANG_WARN_COMMA = YES;
				CLANG_WARN_CONSTANT_CONVERSION = YES;
				CLANG_WARN_DEPRECATED_OBJC_IMPLEMENTATIONS = YES;
				CLANG_WARN_DIRECT_OBJC_ISA_USAGE = YES_ERROR;
				CLANG_WARN_DOCUMENTATION_COMMENTS = YES;
				CLANG_WARN_EMPTY_BODY = YES;
				CLANG_WARN_ENUM_CONVERSION = YES;
				CLANG_WARN_INFINITE_RECURSION = YES;
				CLANG_WARN_INT_CONVERSION = YES;
				CLANG_WARN_NON_LITERAL_NULL_CONVERSION = YES;
				CLANG_WARN_OBJC_IMPLICIT_RETAIN_SELF = YES;
				CLANG_WARN_OBJC_LITERAL_CONVERSION = YES;
				CLANG_WARN_OBJC_ROOT_CLASS = YES_ERROR;
				CLANG_WARN_QUOTED_INCLUDE_IN_FRAMEWORK_HEADER = YES;
				CLANG_WARN_RANGE_LOOP_ANALYSIS = YES;
				CLANG_WARN_STRICT_PROTOTYPES = YES;
				CLANG_WARN_SUSPICIOUS_MOVE = YES;
				CLANG_WARN_UNGUARDED_AVAILABILITY = YES_AGGRESSIVE;
				CLANG_WARN_UNREACHABLE_CODE = YES;
				CLANG_WARN__DUPLICATE_METHOD_MATCH = YES;
				COPY_PHASE_STRIP = NO;
				DEBUG_INFORMATION_FORMAT = dwarf;
				ENABLE_STRICT_OBJC_MSGSEND = YES;
				ENABLE_TESTABILITY = YES;
				GCC_C_LANGUAGE_STANDARD = gnu11;
				GCC_DYNAMIC_NO_PIC = NO;
				GCC_NO_COMMON_BLOCKS = YES;
				GCC_OPTIMIZATION_LEVEL = 0;
				GCC_PREPROCESSOR_DEFINITIONS = (
					"$(inherited)",
					"DEBUG=1",
				);
				GCC_WARN_64_TO_32_BIT_CONVERSION = YES;
				GCC_WARN_ABOUT_RETURN_TYPE = YES_ERROR;
				GCC_WARN_UNDECLARED_SELECTOR = YES;
				GCC_WARN_UNINITIALIZED_AUTOS = YES_AGGRESSIVE;
				GCC_WARN_UNUSED_FUNCTION = YES;
				GCC_WARN_UNUSED_VARIABLE = YES;
				IPHONEOS_DEPLOYMENT_TARGET = 17.0;
				MTL_ENABLE_DEBUG_INFO = INCLUDE_SOURCE;
				MTL_FAST_MATH = YES;
				ONLY_ACTIVE_ARCH = YES;
				PRODUCT_NAME = "$(TARGET_NAME)";
				SDKROOT = iphoneos;
				SWIFT_ACTIVE_COMPILATION_CONDITIONS = DEBUG;
				SWIFT_OPTIMIZATION_LEVEL = "-Onone";
				SWIFT_VERSION = 5.0;
			};
			name = Debug;
		};
		973F9F5BF5A19226411109B1 /* Release */ = {
			isa = XCBuildConfiguration;
			buildSettings = {
				ALWAYS_SEARCH_USER_PATHS = NO;
				CLANG_ANALYZER_NONNULL = YES;
				CLANG_ANALYZER_NUMBER_OBJECT_CONVERSION = YES_AGGRESSIVE;
				CLANG_CXX_LANGUAGE_STANDARD = "gnu++14";
				CLANG_CXX_LIBRARY = "libc++";
				CLANG_ENABLE_MODULES = YES;
				CLANG_ENABLE_OBJC_ARC = YES;
				CLANG_ENABLE_OBJC_WEAK = YES;
				CLANG_WARN_BLOCK_CAPTURE_AUTORELEASING = YES;
				CLANG_WARN_BOOL_CONVERSION = YES;
				CLANG_WARN_COMMA = YES;
				CLANG_WARN_CONSTANT_CONVERSION = YES;
				CLANG_WARN_DEPRECATED_OBJC_IMPLEMENTATIONS = YES;
				CLANG_WARN_DIRECT_OBJC_ISA_USAGE = YES_ERROR;
				CLANG_WARN_DOCUMENTATION_COMMENTS = YES;
				CLANG_WARN_EMPTY_BODY = YES;
				CLANG_WARN_ENUM_CONVERSION = YES;
				CLANG_WARN_INFINITE_RECURSION = YES;
				CLANG_WARN_INT_CONVERSION = YES;
				CLANG_WARN_NON_LITERAL_NULL_CONVERSION = YES;
				CLANG_WARN_OBJC_IMPLICIT_RETAIN_SELF = YES;
				CLANG_WARN_OBJC_LITERAL_CONVERSION = YES;
				CLANG_WARN_OBJC_ROOT_CLASS = YES_ERROR;
				CLANG_WARN_QUOTED_INCLUDE_IN_FRAMEWORK_HEADER = YES;
				CLANG_WARN_RANGE_LOOP_ANALYSIS = YES;
				CLANG_WARN_STRICT_PROTOTYPES = YES;
				CLANG_WARN_SUSPICIOUS_MOVE = YES;
				CLANG_WARN_UNGUARDED_AVAILABILITY = YES_AGGRESSIVE;
				CLANG_WARN_UNREACHABLE_CODE = YES;
				CLANG_WARN__DUPLICATE_METHOD_MATCH = YES;
				COPY_PHASE_STRIP = NO;
				DEBUG_INFORMATION_FORMAT = "dwarf-with-dsym";
				ENABLE_NS_ASSERTIONS = NO;
				ENABLE_STRICT_OBJC_MSGSEND = YES;
				GCC_C_LANGUAGE_STANDARD = gnu11;
				GCC_NO_COMMON_BLOCKS = YES;
				GCC_WARN_64_TO_32_BIT_CONVERSION = YES;
				GCC_WARN_ABOUT_RETURN_TYPE = YES_ERROR;
				GCC_WARN_UNDECLARED_SELECTOR = YES;
				GCC_WARN_UNINITIALIZED_AUTOS = YES_AGGRESSIVE;
				GCC_WARN_UNUSED_FUNCTION = YES;
				GCC_WARN_UNUSED_VARIABLE = YES;
				IPHONEOS_DEPLOYMENT_TARGET = 17.0;
				MTL_ENABLE_DEBUG_INFO = NO;
				MTL_FAST_MATH = YES;
				PRODUCT_NAME = "$(TARGET_NAME)";
				SDKROOT = iphoneos;
				SWIFT_COMPILATION_MODE = wholemodule;
				SWIFT_OPTIMIZATION_LEVEL = "-O";
				SWIFT_VERSION = 5.0;
			};
			name = Release;
		};
/* End XCBuildConfiguration section */

/* Begin XCConfigurationList section */
		3C1D0F20E4EC67C7CEE5CDCE /* Build configuration list for PBXNativeTarget "BrassPawnClip" */ = {
			isa = XCConfigurationList;
			buildConfigurations = (
				85824C0D052A7DD24322B14C /* Debug */,
				86A1CA37DF973894F7C5F044 /* Release */,
			);
			defaultConfigurationIsVisible = 0;
			defaultConfigurationName = Debug;
		};
		8E620E285E1D0DC218120A06 /* Build configuration list for PBXNativeTarget "BrassPawn" */ = {
			isa = XCConfigurationList;
			buildConfigurations = (
				26CDD3364F1D584531874C4E /* Debug */,
				35EE2E1668B900C9145D01B5 /* Release */,
			);
			defaultConfigurationIsVisible = 0;
			defaultConfigurationName = Debug;
		};
		B45A28B104320F1C3C8218DA /* Build configuration list for PBXProject "BrassPawn" */ = {
			isa = XCConfigurationList;
			buildConfigurations = (
				8E75467C73A010D7F1F09551 /* Debug */,
				973F9F5BF5A19226411109B1 /* Release */,
			);
			defaultConfigurationIsVisible = 0;
			defaultConfigurationName = Debug;
		};
/* End XCConfigurationList section */

/* Begin XCLocalSwiftPackageReference section */
		FFCB4D5FA18C209706028BD2 /* XCLocalSwiftPackageReference "." */ = {
			isa = XCLocalSwiftPackageReference;
			relativePath = .;
		};
/* End XCLocalSwiftPackageReference section */

/* Begin XCSwiftPackageProductDependency section */
		5E9EB28841EFD42757884E39 /* BoardUI */ = {
			isa = XCSwiftPackageProductDependency;
			productName = BoardUI;
		};
		F1D568D032352CB45927307F /* BrassPawnApp */ = {
			isa = XCSwiftPackageProductDependency;
			productName = BrassPawnApp;
		};
/* End XCSwiftPackageProductDependency section */
	};
	rootObject = B6420D9AB05D8646B55F437D /* Project object */;
}
